
Microsoft Visual Studio Solution File, Format Version 12.00
Project("{FAE04EC0-301F-11D3-BF4B-00C04F79EFBC}") = "RewritingNetCore", "RewritingNetCore\RewritingNetCore.csproj", "{1969030B-ADE5-4E59-A99B-7E98EEE41A51}"
EndProject
Project("{FAE04EC0-301F-11D3-BF4B-00C04F79EFBC}") = "RewritingContracts", "RewritingContracts\RewritingContracts.csproj", "{3CBEE3F9-CE13-4816-AA26-9081E47B0555}"
EndProject
Project("{FAE04EC0-301F-11D3-BF4B-00C04F79EFBC}") = "RewritingApi", "RewritingApi\RewritingApi.csproj", "{09FB92CA-DC29-4BCD-B8EE-4A50FD1F2BC7}"
EndProject
Project("{2150E333-8FDC-42A3-9474-1A3956D46DE8}") = "build", "build", "{C0F3AE24-4DCE-422B-8F02-72383D44C7A8}"
EndProject
Project("{2150E333-8FDC-42A3-9474-1A3956D46DE8}") = "patterns", "patterns", "{8D81FA1F-8B5E-48EA-A52F-80B418EF19F3}"
EndProject
Project("{2150E333-8FDC-42A3-9474-1A3956D46DE8}") = "consumers", "consumers", "{E3CFAEA8-0F57-40D8-A4C9-CA475830BB1B}"
EndProject
Project("{FAE04EC0-301F-11D3-BF4B-00C04F79EFBC}") = "Tests", "Tests\Tests.csproj", "{AC7472F5-A67B-452D-BC30-9C699B234694}"
EndProject
Project("{FAE04EC0-301F-11D3-BF4B-00C04F79EFBC}") = "RewritingJobs", "RewritingJobs\RewritingJobs.csproj", "{25D82F21-6408-46BF-9295-963A2572917A}"
EndProject
Project("{2150E333-8FDC-42A3-9474-1A3956D46DE8}") = "example", "example", "{9850AD3D-5F81-495F-9234-98F1800A7489}"
EndProject
Project("{2150E333-8FDC-42A3-9474-1A3956D46DE8}") = "api", "api", "{469BFE48-8D5B-4DDA-9869-6B4EBE6362D0}"
EndProject
Project("{FAE04EC0-301F-11D3-BF4B-00C04F79EFBC}") = "RuntimeApi", "RuntimeApi\RuntimeApi.csproj", "{ADC431B6-F611-4C28-A04F-28013B7F5FA2}"
EndProject
Project("{FAE04EC0-301F-11D3-BF4B-00C04F79EFBC}") = "RewritingNetCore.Tests", "RewritingNetCore.Tests\RewritingNetCore.Tests.csproj", "{7FB1C29B-66FB-4231-9E81-A6F0E0227F04}"
EndProject
Project("{FAE04EC0-301F-11D3-BF4B-00C04F79EFBC}") = "RewritingNetCore.Compiler", "RewritingNetCore.Compiler\RewritingNetCore.Compiler.csproj", "{C90F5670-8D9C-4074-ABF2-DD369D554B1E}"
EndProject
Project("{FAE04EC0-301F-11D3-BF4B-00C04F79EFBC}") = "RewritingNetCore.Compiler.Contracts", "RewritingNetCore.Compiler.Contracts\RewritingNetCore.Compiler.Contracts.csproj", "{A5430B0F-F6A0-4F50-997A-4BE1388299D2}"
EndProject
Global
	GlobalSection(SolutionConfigurationPlatforms) = preSolution
		Debug|Any CPU = Debug|Any CPU
		Release|Any CPU = Release|Any CPU
	EndGlobalSection
	GlobalSection(ProjectConfigurationPlatforms) = postSolution
		{1969030B-ADE5-4E59-A99B-7E98EEE41A51}.Debug|Any CPU.ActiveCfg = Debug|Any CPU
		{1969030B-ADE5-4E59-A99B-7E98EEE41A51}.Debug|Any CPU.Build.0 = Debug|Any CPU
		{1969030B-ADE5-4E59-A99B-7E98EEE41A51}.Release|Any CPU.ActiveCfg = Release|Any CPU
		{1969030B-ADE5-4E59-A99B-7E98EEE41A51}.Release|Any CPU.Build.0 = Release|Any CPU
		{3CBEE3F9-CE13-4816-AA26-9081E47B0555}.Debug|Any CPU.ActiveCfg = Debug|Any CPU
		{3CBEE3F9-CE13-4816-AA26-9081E47B0555}.Debug|Any CPU.Build.0 = Debug|Any CPU
		{3CBEE3F9-CE13-4816-AA26-9081E47B0555}.Release|Any CPU.ActiveCfg = Release|Any CPU
		{3CBEE3F9-CE13-4816-AA26-9081E47B0555}.Release|Any CPU.Build.0 = Release|Any CPU
		{09FB92CA-DC29-4BCD-B8EE-4A50FD1F2BC7}.Debug|Any CPU.ActiveCfg = Debug|Any CPU
		{09FB92CA-DC29-4BCD-B8EE-4A50FD1F2BC7}.Debug|Any CPU.Build.0 = Debug|Any CPU
		{09FB92CA-DC29-4BCD-B8EE-4A50FD1F2BC7}.Release|Any CPU.ActiveCfg = Release|Any CPU
		{09FB92CA-DC29-4BCD-B8EE-4A50FD1F2BC7}.Release|Any CPU.Build.0 = Release|Any CPU
		{AC7472F5-A67B-452D-BC30-9C699B234694}.Debug|Any CPU.ActiveCfg = Debug|Any CPU
		{AC7472F5-A67B-452D-BC30-9C699B234694}.Debug|Any CPU.Build.0 = Debug|Any CPU
		{AC7472F5-A67B-452D-BC30-9C699B234694}.Release|Any CPU.ActiveCfg = Release|Any CPU
		{AC7472F5-A67B-452D-BC30-9C699B234694}.Release|Any CPU.Build.0 = Release|Any CPU
		{25D82F21-6408-46BF-9295-963A2572917A}.Debug|Any CPU.ActiveCfg = Debug|Any CPU
		{25D82F21-6408-46BF-9295-963A2572917A}.Debug|Any CPU.Build.0 = Debug|Any CPU
		{25D82F21-6408-46BF-9295-963A2572917A}.Release|Any CPU.ActiveCfg = Release|Any CPU
		{25D82F21-6408-46BF-9295-963A2572917A}.Release|Any CPU.Build.0 = Release|Any CPU
		{ADC431B6-F611-4C28-A04F-28013B7F5FA2}.Debug|Any CPU.ActiveCfg = Debug|Any CPU
		{ADC431B6-F611-4C28-A04F-28013B7F5FA2}.Debug|Any CPU.Build.0 = Debug|Any CPU
		{ADC431B6-F611-4C28-A04F-28013B7F5FA2}.Release|Any CPU.ActiveCfg = Release|Any CPU
		{ADC431B6-F611-4C28-A04F-28013B7F5FA2}.Release|Any CPU.Build.0 = Release|Any CPU
		{7FB1C29B-66FB-4231-9E81-A6F0E0227F04}.Debug|Any CPU.ActiveCfg = Debug|Any CPU
		{7FB1C29B-66FB-4231-9E81-A6F0E0227F04}.Debug|Any CPU.Build.0 = Debug|Any CPU
		{7FB1C29B-66FB-4231-9E81-A6F0E0227F04}.Release|Any CPU.ActiveCfg = Release|Any CPU
		{7FB1C29B-66FB-4231-9E81-A6F0E0227F04}.Release|Any CPU.Build.0 = Release|Any CPU
		{C90F5670-8D9C-4074-ABF2-DD369D554B1E}.Debug|Any CPU.ActiveCfg = Debug|Any CPU
		{C90F5670-8D9C-4074-ABF2-DD369D554B1E}.Debug|Any CPU.Build.0 = Debug|Any CPU
		{C90F5670-8D9C-4074-ABF2-DD369D554B1E}.Release|Any CPU.ActiveCfg = Release|Any CPU
		{C90F5670-8D9C-4074-ABF2-DD369D554B1E}.Release|Any CPU.Build.0 = Release|Any CPU
		{A5430B0F-F6A0-4F50-997A-4BE1388299D2}.Debug|Any CPU.ActiveCfg = Debug|Any CPU
		{A5430B0F-F6A0-4F50-997A-4BE1388299D2}.Debug|Any CPU.Build.0 = Debug|Any CPU
		{A5430B0F-F6A0-4F50-997A-4BE1388299D2}.Release|Any CPU.ActiveCfg = Release|Any CPU
		{A5430B0F-F6A0-4F50-997A-4BE1388299D2}.Release|Any CPU.Build.0 = Release|Any CPU
	EndGlobalSection
	GlobalSection(NestedProjects) = preSolution
		{1969030B-ADE5-4E59-A99B-7E98EEE41A51} = {C0F3AE24-4DCE-422B-8F02-72383D44C7A8}
		{3CBEE3F9-CE13-4816-AA26-9081E47B0555} = {8D81FA1F-8B5E-48EA-A52F-80B418EF19F3}
		{AC7472F5-A67B-452D-BC30-9C699B234694} = {E3CFAEA8-0F57-40D8-A4C9-CA475830BB1B}
		{25D82F21-6408-46BF-9295-963A2572917A} = {8D81FA1F-8B5E-48EA-A52F-80B418EF19F3}
		{8D81FA1F-8B5E-48EA-A52F-80B418EF19F3} = {9850AD3D-5F81-495F-9234-98F1800A7489}
		{E3CFAEA8-0F57-40D8-A4C9-CA475830BB1B} = {9850AD3D-5F81-495F-9234-98F1800A7489}
		{09FB92CA-DC29-4BCD-B8EE-4A50FD1F2BC7} = {469BFE48-8D5B-4DDA-9869-6B4EBE6362D0}
		{ADC431B6-F611-4C28-A04F-28013B7F5FA2} = {469BFE48-8D5B-4DDA-9869-6B4EBE6362D0}
		{7FB1C29B-66FB-4231-9E81-A6F0E0227F04} = {C0F3AE24-4DCE-422B-8F02-72383D44C7A8}
		{C90F5670-8D9C-4074-ABF2-DD369D554B1E} = {C0F3AE24-4DCE-422B-8F02-72383D44C7A8}
		{A5430B0F-F6A0-4F50-997A-4BE1388299D2} = {C0F3AE24-4DCE-422B-8F02-72383D44C7A8}
	EndGlobalSection
EndGlobal
