
Microsoft Visual Studio Solution File, Format Version 12.00
# Visual Studio Version 17
VisualStudioVersion = 17.4.33213.308
MinimumVisualStudioVersion = 10.0.40219.1
Project("{9A19103F-16F7-4668-BE54-9A1E7A4F7556}") = "TestTarget", "TestTarget\TestTarget.csproj", "{AE3C84EA-E3D2-49FE-B366-F2BF741E24BB}"
EndProject
Project("{9A19103F-16F7-4668-BE54-9A1E7A4F7556}") = "RewritingContracts", "RewritingContracts\RewritingContracts.csproj", "{C79313E9-2432-4E27-8A09-0243D0A332D9}"
EndProject
Project("{9A19103F-16F7-4668-BE54-9A1E7A4F7556}") = "RewritingApi", "RewritingApi\RewritingApi.csproj", "{1F7D1892-D3E8-43A0-9FF6-BBD59A074AD5}"
EndProject
Global
	GlobalSection(SolutionConfigurationPlatforms) = preSolution
		Debug|Any CPU = Debug|Any CPU
		Release|Any CPU = Release|Any CPU
	EndGlobalSection
	GlobalSection(ProjectConfigurationPlatforms) = postSolution
		{AE3C84EA-E3D2-49FE-B366-F2BF741E24BB}.Debug|Any CPU.ActiveCfg = Debug|Any CPU
		{AE3C84EA-E3D2-49FE-B366-F2BF741E24BB}.Debug|Any CPU.Build.0 = Debug|Any CPU
		{AE3C84EA-E3D2-49FE-B366-F2BF741E24BB}.Release|Any CPU.ActiveCfg = Release|Any CPU
		{AE3C84EA-E3D2-49FE-B366-F2BF741E24BB}.Release|Any CPU.Build.0 = Release|Any CPU
		{C79313E9-2432-4E27-8A09-0243D0A332D9}.Debug|Any CPU.ActiveCfg = Debug|Any CPU
		{C79313E9-2432-4E27-8A09-0243D0A332D9}.Debug|Any CPU.Build.0 = Debug|Any CPU
		{C79313E9-2432-4E27-8A09-0243D0A332D9}.Release|Any CPU.ActiveCfg = Release|Any CPU
		{C79313E9-2432-4E27-8A09-0243D0A332D9}.Release|Any CPU.Build.0 = Release|Any CPU
		{1F7D1892-D3E8-43A0-9FF6-BBD59A074AD5}.Debug|Any CPU.ActiveCfg = Debug|Any CPU
		{1F7D1892-D3E8-43A0-9FF6-BBD59A074AD5}.Debug|Any CPU.Build.0 = Debug|Any CPU
		{1F7D1892-D3E8-43A0-9FF6-BBD59A074AD5}.Release|Any CPU.ActiveCfg = Release|Any CPU
		{1F7D1892-D3E8-43A0-9FF6-BBD59A074AD5}.Release|Any CPU.Build.0 = Release|Any CPU
	EndGlobalSection
	GlobalSection(SolutionProperties) = preSolution
		HideSolutionNode = FALSE
	EndGlobalSection
	GlobalSection(ExtensibilityGlobals) = postSolution
		SolutionGuid = {0583B97E-6C43-4993-88F1-A48B2B3E9410}
	EndGlobalSection
EndGlobal
