
Microsoft Visual Studio Solution File, Format Version 12.00
Project("{FAE04EC0-301F-11D3-BF4B-00C04F79EFBC}") = "RadFramework.Libraries", "RadFramework.Libraries\RadFramework.Libraries.csproj", "{E6684932-56E7-4FDB-917E-14AE35F53283}"
EndProject
Project("{FAE04EC0-301F-11D3-BF4B-00C04F79EFBC}") = "RadDevelopers.Servers.Web", "RadDevelopers.Servers.Web\RadDevelopers.Servers.Web.csproj", "{41A0AABC-0DFE-45F4-B1E8-EB45A6AC6198}"
EndProject
Project("{FAE04EC0-301F-11D3-BF4B-00C04F79EFBC}") = "RadDevelopers.Programs.FileTransfer", "RadDevelopers.Programs.FileTransfer\RadDevelopers.Programs.FileTransfer.csproj", "{C36BBFFC-89C9-406E-9E18-58EE792F873A}"
EndProject
Project("{FAE04EC0-301F-11D3-BF4B-00C04F79EFBC}") = "RadDevelopers.Servers.TreeDb", "RadDevelopers.Servers.TreeDb\RadDevelopers.Servers.TreeDb.csproj", "{9391F4A3-9415-425B-A018-E62AD6DCA3D5}"
EndProject
Project("{2150E333-8FDC-42A3-9474-1A3956D46DE8}") = "Libraries", "Libraries", "{E3E761C0-8DC8-4E99-84E7-251652071F40}"
EndProject
Project("{2150E333-8FDC-42A3-9474-1A3956D46DE8}") = "Programs", "Programs", "{39EC05B6-8997-4051-B6F2-4245B590D053}"
EndProject
Project("{2150E333-8FDC-42A3-9474-1A3956D46DE8}") = "Servers", "Servers", "{CFED4212-99FB-48D3-923E-8C406A65834D}"
EndProject
Project("{FAE04EC0-301F-11D3-BF4B-00C04F79EFBC}") = "RadDevelopers.Servers.Mail", "RadDevelopers.Servers.Mail\RadDevelopers.Servers.Mail.csproj", "{4E71331A-4349-41DA-9765-A35F0ADA42F8}"
EndProject
Project("{FAE04EC0-301F-11D3-BF4B-00C04F79EFBC}") = "RadDevelopers.Servers.BuildPipelines", "RadDevelopers.Servers.BuildPipelines\RadDevelopers.Servers.BuildPipelines.csproj", "{3B7DE752-F139-4B70-A914-AA9C5BF08E25}"
EndProject
Project("{FAE04EC0-301F-11D3-BF4B-00C04F79EFBC}") = "RadDevelopers.Servers.TaskBoards", "RadDevelopers.Servers.TaskBoards\RadDevelopers.Servers.TaskBoards.csproj", "{BCF85A0D-3540-471D-961E-44B79EFA62B5}"
EndProject
Project("{FAE04EC0-301F-11D3-BF4B-00C04F79EFBC}") = "RadDevelopers.Programs.WindowManager", "RadDevelopers.Programs.WindowManager\RadDevelopers.Programs.WindowManager.csproj", "{91635F41-EDB6-49C5-B445-C8417B5FB6EA}"
EndProject
Project("{FAE04EC0-301F-11D3-BF4B-00C04F79EFBC}") = "RadFramework.Libraries.Tests", "RadFramework.Libraries.Tests\RadFramework.Libraries.Tests.csproj", "{EE40289D-CE4A-40EB-8BE2-ADC5584C49F4}"
EndProject
Project("{2150E333-8FDC-42A3-9474-1A3956D46DE8}") = "BuildTools", "BuildTools", "{EE68723E-6D4E-4016-8C9C-461EB01EC90B}"
EndProject
Project("{FAE04EC0-301F-11D3-BF4B-00C04F79EFBC}") = "RadFramework.Tools.MsIlRewriting", "RadFramework.Tools.MsIlRewriting\RadFramework.Tools.MsIlRewriting.csproj", "{64ABF8CA-7781-4183-A2F8-1AAE63370DB9}"
EndProject
Global
	GlobalSection(SolutionConfigurationPlatforms) = preSolution
		Debug|Any CPU = Debug|Any CPU
		Release|Any CPU = Release|Any CPU
	EndGlobalSection
	GlobalSection(ProjectConfigurationPlatforms) = postSolution
		{E6684932-56E7-4FDB-917E-14AE35F53283}.Debug|Any CPU.ActiveCfg = Debug|Any CPU
		{E6684932-56E7-4FDB-917E-14AE35F53283}.Debug|Any CPU.Build.0 = Debug|Any CPU
		{E6684932-56E7-4FDB-917E-14AE35F53283}.Release|Any CPU.ActiveCfg = Release|Any CPU
		{E6684932-56E7-4FDB-917E-14AE35F53283}.Release|Any CPU.Build.0 = Release|Any CPU
		{41A0AABC-0DFE-45F4-B1E8-EB45A6AC6198}.Debug|Any CPU.ActiveCfg = Debug|Any CPU
		{41A0AABC-0DFE-45F4-B1E8-EB45A6AC6198}.Debug|Any CPU.Build.0 = Debug|Any CPU
		{41A0AABC-0DFE-45F4-B1E8-EB45A6AC6198}.Release|Any CPU.ActiveCfg = Release|Any CPU
		{41A0AABC-0DFE-45F4-B1E8-EB45A6AC6198}.Release|Any CPU.Build.0 = Release|Any CPU
		{C36BBFFC-89C9-406E-9E18-58EE792F873A}.Debug|Any CPU.ActiveCfg = Debug|Any CPU
		{C36BBFFC-89C9-406E-9E18-58EE792F873A}.Debug|Any CPU.Build.0 = Debug|Any CPU
		{C36BBFFC-89C9-406E-9E18-58EE792F873A}.Release|Any CPU.ActiveCfg = Release|Any CPU
		{C36BBFFC-89C9-406E-9E18-58EE792F873A}.Release|Any CPU.Build.0 = Release|Any CPU
		{9391F4A3-9415-425B-A018-E62AD6DCA3D5}.Debug|Any CPU.ActiveCfg = Debug|Any CPU
		{9391F4A3-9415-425B-A018-E62AD6DCA3D5}.Debug|Any CPU.Build.0 = Debug|Any CPU
		{9391F4A3-9415-425B-A018-E62AD6DCA3D5}.Release|Any CPU.ActiveCfg = Release|Any CPU
		{9391F4A3-9415-425B-A018-E62AD6DCA3D5}.Release|Any CPU.Build.0 = Release|Any CPU
		{4E71331A-4349-41DA-9765-A35F0ADA42F8}.Debug|Any CPU.ActiveCfg = Debug|Any CPU
		{4E71331A-4349-41DA-9765-A35F0ADA42F8}.Debug|Any CPU.Build.0 = Debug|Any CPU
		{4E71331A-4349-41DA-9765-A35F0ADA42F8}.Release|Any CPU.ActiveCfg = Release|Any CPU
		{4E71331A-4349-41DA-9765-A35F0ADA42F8}.Release|Any CPU.Build.0 = Release|Any CPU
		{3B7DE752-F139-4B70-A914-AA9C5BF08E25}.Debug|Any CPU.ActiveCfg = Debug|Any CPU
		{3B7DE752-F139-4B70-A914-AA9C5BF08E25}.Debug|Any CPU.Build.0 = Debug|Any CPU
		{3B7DE752-F139-4B70-A914-AA9C5BF08E25}.Release|Any CPU.ActiveCfg = Release|Any CPU
		{3B7DE752-F139-4B70-A914-AA9C5BF08E25}.Release|Any CPU.Build.0 = Release|Any CPU
		{BCF85A0D-3540-471D-961E-44B79EFA62B5}.Debug|Any CPU.ActiveCfg = Debug|Any CPU
		{BCF85A0D-3540-471D-961E-44B79EFA62B5}.Debug|Any CPU.Build.0 = Debug|Any CPU
		{BCF85A0D-3540-471D-961E-44B79EFA62B5}.Release|Any CPU.ActiveCfg = Release|Any CPU
		{BCF85A0D-3540-471D-961E-44B79EFA62B5}.Release|Any CPU.Build.0 = Release|Any CPU
		{91635F41-EDB6-49C5-B445-C8417B5FB6EA}.Debug|Any CPU.ActiveCfg = Debug|Any CPU
		{91635F41-EDB6-49C5-B445-C8417B5FB6EA}.Debug|Any CPU.Build.0 = Debug|Any CPU
		{91635F41-EDB6-49C5-B445-C8417B5FB6EA}.Release|Any CPU.ActiveCfg = Release|Any CPU
		{91635F41-EDB6-49C5-B445-C8417B5FB6EA}.Release|Any CPU.Build.0 = Release|Any CPU
		{EE40289D-CE4A-40EB-8BE2-ADC5584C49F4}.Debug|Any CPU.ActiveCfg = Debug|Any CPU
		{EE40289D-CE4A-40EB-8BE2-ADC5584C49F4}.Debug|Any CPU.Build.0 = Debug|Any CPU
		{EE40289D-CE4A-40EB-8BE2-ADC5584C49F4}.Release|Any CPU.ActiveCfg = Release|Any CPU
		{EE40289D-CE4A-40EB-8BE2-ADC5584C49F4}.Release|Any CPU.Build.0 = Release|Any CPU
		{64ABF8CA-7781-4183-A2F8-1AAE63370DB9}.Debug|Any CPU.ActiveCfg = Debug|Any CPU
		{64ABF8CA-7781-4183-A2F8-1AAE63370DB9}.Debug|Any CPU.Build.0 = Debug|Any CPU
		{64ABF8CA-7781-4183-A2F8-1AAE63370DB9}.Release|Any CPU.ActiveCfg = Release|Any CPU
		{64ABF8CA-7781-4183-A2F8-1AAE63370DB9}.Release|Any CPU.Build.0 = Release|Any CPU
	EndGlobalSection
	GlobalSection(NestedProjects) = preSolution
		{E6684932-56E7-4FDB-917E-14AE35F53283} = {E3E761C0-8DC8-4E99-84E7-251652071F40}
		{C36BBFFC-89C9-406E-9E18-58EE792F873A} = {39EC05B6-8997-4051-B6F2-4245B590D053}
		{9391F4A3-9415-425B-A018-E62AD6DCA3D5} = {CFED4212-99FB-48D3-923E-8C406A65834D}
		{41A0AABC-0DFE-45F4-B1E8-EB45A6AC6198} = {CFED4212-99FB-48D3-923E-8C406A65834D}
		{4E71331A-4349-41DA-9765-A35F0ADA42F8} = {CFED4212-99FB-48D3-923E-8C406A65834D}
		{3B7DE752-F139-4B70-A914-AA9C5BF08E25} = {CFED4212-99FB-48D3-923E-8C406A65834D}
		{BCF85A0D-3540-471D-961E-44B79EFA62B5} = {CFED4212-99FB-48D3-923E-8C406A65834D}
		{EE40289D-CE4A-40EB-8BE2-ADC5584C49F4} = {E3E761C0-8DC8-4E99-84E7-251652071F40}
		{91635F41-EDB6-49C5-B445-C8417B5FB6EA} = {39EC05B6-8997-4051-B6F2-4245B590D053}
		{64ABF8CA-7781-4183-A2F8-1AAE63370DB9} = {EE68723E-6D4E-4016-8C9C-461EB01EC90B}
	EndGlobalSection
EndGlobal
